// !$*UTF8*$!
{
	archiveVersion = 1;
	classes = {
	};
	objectVersion = 46;
	objects = {

/* Begin PBXBuildFile section */
		C301C6961C604DC200B247F6 /* Constants.swift in Sources */ = {isa = PBXBuildFile; fileRef = C301C6951C604DC200B247F6 /* Constants.swift */; };
		C301C6981C60564B00B247F6 /* ShadowColors.swift in Sources */ = {isa = PBXBuildFile; fileRef = C301C6971C60564B00B247F6 /* ShadowColors.swift */; };
		C315384C1C697108007E7114 /* CardViewTableViewCell.swift in Sources */ = {isa = PBXBuildFile; fileRef = C315384B1C697108007E7114 /* CardViewTableViewCell.swift */; };
		C31854D81C5DAD3800C6EC1F /* AppDelegate.swift in Sources */ = {isa = PBXBuildFile; fileRef = C31854D71C5DAD3800C6EC1F /* AppDelegate.swift */; };
		C31854DA1C5DAD3800C6EC1F /* ViewController.swift in Sources */ = {isa = PBXBuildFile; fileRef = C31854D91C5DAD3800C6EC1F /* ViewController.swift */; };
		C31854DD1C5DAD3800C6EC1F /* Main.storyboard in Resources */ = {isa = PBXBuildFile; fileRef = C31854DB1C5DAD3800C6EC1F /* Main.storyboard */; };
		C31854E01C5DAD3800C6EC1F /* Oras_BookPlanner.xcdatamodeld in Sources */ = {isa = PBXBuildFile; fileRef = C31854DE1C5DAD3800C6EC1F /* Oras_BookPlanner.xcdatamodeld */; };
		C31854E21C5DAD3800C6EC1F /* Assets.xcassets in Resources */ = {isa = PBXBuildFile; fileRef = C31854E11C5DAD3800C6EC1F /* Assets.xcassets */; };
		C31854E51C5DAD3800C6EC1F /* LaunchScreen.storyboard in Resources */ = {isa = PBXBuildFile; fileRef = C31854E31C5DAD3800C6EC1F /* LaunchScreen.storyboard */; };
		C31854F01C5DAD3800C6EC1F /* Oras_BookPlannerTests.swift in Sources */ = {isa = PBXBuildFile; fileRef = C31854EF1C5DAD3800C6EC1F /* Oras_BookPlannerTests.swift */; };
		C31854FB1C5DAD3800C6EC1F /* Oras_BookPlannerUITests.swift in Sources */ = {isa = PBXBuildFile; fileRef = C31854FA1C5DAD3800C6EC1F /* Oras_BookPlannerUITests.swift */; };
		C3CD4CF91C64729600B12173 /* DummyData.swift in Sources */ = {isa = PBXBuildFile; fileRef = C3CD4CF81C64729600B12173 /* DummyData.swift */; };
		C3DA619D1C62EA04001327CC /* MainBookViewController.swift in Sources */ = {isa = PBXBuildFile; fileRef = C3DA619C1C62EA04001327CC /* MainBookViewController.swift */; };
/* End PBXBuildFile section */

/* Begin PBXContainerItemProxy section */
		C31854EC1C5DAD3800C6EC1F /* PBXContainerItemProxy */ = {
			isa = PBXContainerItemProxy;
			containerPortal = C31854CC1C5DAD3800C6EC1F /* Project object */;
			proxyType = 1;
			remoteGlobalIDString = C31854D31C5DAD3800C6EC1F;
			remoteInfo = "Oras BookPlanner";
		};
		C31854F71C5DAD3800C6EC1F /* PBXContainerItemProxy */ = {
			isa = PBXContainerItemProxy;
			containerPortal = C31854CC1C5DAD3800C6EC1F /* Project object */;
			proxyType = 1;
			remoteGlobalIDString = C31854D31C5DAD3800C6EC1F;
			remoteInfo = "Oras BookPlanner";
		};
/* End PBXContainerItemProxy section */

/* Begin PBXFileReference section */
		C301C6951C604DC200B247F6 /* Constants.swift */ = {isa = PBXFileReference; fileEncoding = 4; lastKnownFileType = sourcecode.swift; path = Constants.swift; sourceTree = "<group>"; };
		C301C6971C60564B00B247F6 /* ShadowColors.swift */ = {isa = PBXFileReference; fileEncoding = 4; lastKnownFileType = sourcecode.swift; path = ShadowColors.swift; sourceTree = "<group>"; };
		C315384B1C697108007E7114 /* CardViewTableViewCell.swift */ = {isa = PBXFileReference; fileEncoding = 4; lastKnownFileType = sourcecode.swift; path = CardViewTableViewCell.swift; sourceTree = "<group>"; };
		C31854D41C5DAD3800C6EC1F /* Oras BookPlanner.app */ = {isa = PBXFileReference; explicitFileType = wrapper.application; includeInIndex = 0; path = "Oras BookPlanner.app"; sourceTree = BUILT_PRODUCTS_DIR; };
		C31854D71C5DAD3800C6EC1F /* AppDelegate.swift */ = {isa = PBXFileReference; lastKnownFileType = sourcecode.swift; path = AppDelegate.swift; sourceTree = "<group>"; };
		C31854D91C5DAD3800C6EC1F /* ViewController.swift */ = {isa = PBXFileReference; lastKnownFileType = sourcecode.swift; name = ViewController.swift; path = "Oras BookPlanner/ViewController.swift"; sourceTree = "<group>"; };
		C31854DC1C5DAD3800C6EC1F /* Base */ = {isa = PBXFileReference; lastKnownFileType = file.storyboard; name = Base; path = Base.lproj/Main.storyboard; sourceTree = "<group>"; };
		C31854DF1C5DAD3800C6EC1F /* Oras_BookPlanner.xcdatamodel */ = {isa = PBXFileReference; lastKnownFileType = wrapper.xcdatamodel; path = Oras_BookPlanner.xcdatamodel; sourceTree = "<group>"; };
		C31854E11C5DAD3800C6EC1F /* Assets.xcassets */ = {isa = PBXFileReference; lastKnownFileType = folder.assetcatalog; path = Assets.xcassets; sourceTree = "<group>"; };
		C31854E41C5DAD3800C6EC1F /* Base */ = {isa = PBXFileReference; lastKnownFileType = file.storyboard; name = Base; path = Base.lproj/LaunchScreen.storyboard; sourceTree = "<group>"; };
		C31854E61C5DAD3800C6EC1F /* Info.plist */ = {isa = PBXFileReference; lastKnownFileType = text.plist.xml; path = Info.plist; sourceTree = "<group>"; };
		C31854EB1C5DAD3800C6EC1F /* Oras BookPlannerTests.xctest */ = {isa = PBXFileReference; explicitFileType = wrapper.cfbundle; includeInIndex = 0; path = "Oras BookPlannerTests.xctest"; sourceTree = BUILT_PRODUCTS_DIR; };
		C31854EF1C5DAD3800C6EC1F /* Oras_BookPlannerTests.swift */ = {isa = PBXFileReference; lastKnownFileType = sourcecode.swift; path = Oras_BookPlannerTests.swift; sourceTree = "<group>"; };
		C31854F11C5DAD3800C6EC1F /* Info.plist */ = {isa = PBXFileReference; lastKnownFileType = text.plist.xml; path = Info.plist; sourceTree = "<group>"; };
		C31854F61C5DAD3800C6EC1F /* Oras BookPlannerUITests.xctest */ = {isa = PBXFileReference; explicitFileType = wrapper.cfbundle; includeInIndex = 0; path = "Oras BookPlannerUITests.xctest"; sourceTree = BUILT_PRODUCTS_DIR; };
		C31854FA1C5DAD3800C6EC1F /* Oras_BookPlannerUITests.swift */ = {isa = PBXFileReference; lastKnownFileType = sourcecode.swift; path = Oras_BookPlannerUITests.swift; sourceTree = "<group>"; };
		C31854FC1C5DAD3800C6EC1F /* Info.plist */ = {isa = PBXFileReference; lastKnownFileType = text.plist.xml; path = Info.plist; sourceTree = "<group>"; };
		C3CD4CF81C64729600B12173 /* DummyData.swift */ = {isa = PBXFileReference; fileEncoding = 4; lastKnownFileType = sourcecode.swift; path = DummyData.swift; sourceTree = "<group>"; };
		C3DA619C1C62EA04001327CC /* MainBookViewController.swift */ = {isa = PBXFileReference; fileEncoding = 4; lastKnownFileType = sourcecode.swift; path = MainBookViewController.swift; sourceTree = "<group>"; };
/* End PBXFileReference section */

/* Begin PBXFrameworksBuildPhase section */
		C31854D11C5DAD3800C6EC1F /* Frameworks */ = {
			isa = PBXFrameworksBuildPhase;
			buildActionMask = 2147483647;
			files = (
			);
			runOnlyForDeploymentPostprocessing = 0;
		};
		C31854E81C5DAD3800C6EC1F /* Frameworks */ = {
			isa = PBXFrameworksBuildPhase;
			buildActionMask = 2147483647;
			files = (
			);
			runOnlyForDeploymentPostprocessing = 0;
		};
		C31854F31C5DAD3800C6EC1F /* Frameworks */ = {
			isa = PBXFrameworksBuildPhase;
			buildActionMask = 2147483647;
			files = (
			);
			runOnlyForDeploymentPostprocessing = 0;
		};
/* End PBXFrameworksBuildPhase section */

/* Begin PBXGroup section */
		C31854CB1C5DAD3800C6EC1F = {
			isa = PBXGroup;
			children = (
				C386266F1C5DB60E00B6AA3B /* Views */,
				C386266E1C5DB60500B6AA3B /* Controller */,
				C386266D1C5DB5FE00B6AA3B /* Model */,
				C386266B1C5DB5EB00B6AA3B /* Resourses */,
				C31854D61C5DAD3800C6EC1F /* Oras BookPlanner */,
				C31854EE1C5DAD3800C6EC1F /* Oras BookPlannerTests */,
				C31854F91C5DAD3800C6EC1F /* Oras BookPlannerUITests */,
				C31854D51C5DAD3800C6EC1F /* Products */,
			);
			sourceTree = "<group>";
		};
		C31854D51C5DAD3800C6EC1F /* Products */ = {
			isa = PBXGroup;
			children = (
				C31854D41C5DAD3800C6EC1F /* Oras BookPlanner.app */,
				C31854EB1C5DAD3800C6EC1F /* Oras BookPlannerTests.xctest */,
				C31854F61C5DAD3800C6EC1F /* Oras BookPlannerUITests.xctest */,
			);
			name = Products;
			sourceTree = "<group>";
		};
		C31854D61C5DAD3800C6EC1F /* Oras BookPlanner */ = {
			isa = PBXGroup;
			children = (
				C31854D71C5DAD3800C6EC1F /* AppDelegate.swift */,
				C31854DB1C5DAD3800C6EC1F /* Main.storyboard */,
				C31854E11C5DAD3800C6EC1F /* Assets.xcassets */,
				C31854E31C5DAD3800C6EC1F /* LaunchScreen.storyboard */,
				C31854E61C5DAD3800C6EC1F /* Info.plist */,
				C31854DE1C5DAD3800C6EC1F /* Oras_BookPlanner.xcdatamodeld */,
			);
			path = "Oras BookPlanner";
			sourceTree = "<group>";
		};
		C31854EE1C5DAD3800C6EC1F /* Oras BookPlannerTests */ = {
			isa = PBXGroup;
			children = (
				C31854EF1C5DAD3800C6EC1F /* Oras_BookPlannerTests.swift */,
				C31854F11C5DAD3800C6EC1F /* Info.plist */,
			);
			path = "Oras BookPlannerTests";
			sourceTree = "<group>";
		};
		C31854F91C5DAD3800C6EC1F /* Oras BookPlannerUITests */ = {
			isa = PBXGroup;
			children = (
				C31854FA1C5DAD3800C6EC1F /* Oras_BookPlannerUITests.swift */,
				C31854FC1C5DAD3800C6EC1F /* Info.plist */,
			);
			path = "Oras BookPlannerUITests";
			sourceTree = "<group>";
		};
		C386266B1C5DB5EB00B6AA3B /* Resourses */ = {
			isa = PBXGroup;
			children = (
			);
			name = Resourses;
			sourceTree = "<group>";
		};
		C386266D1C5DB5FE00B6AA3B /* Model */ = {
			isa = PBXGroup;
			children = (
				C3CD4CF81C64729600B12173 /* DummyData.swift */,
			);
			name = Model;
			sourceTree = "<group>";
		};
		C386266E1C5DB60500B6AA3B /* Controller */ = {
			isa = PBXGroup;
			children = (
				C31854D91C5DAD3800C6EC1F /* ViewController.swift */,
				C3DA619C1C62EA04001327CC /* MainBookViewController.swift */,
			);
			name = Controller;
			sourceTree = "<group>";
		};
		C386266F1C5DB60E00B6AA3B /* Views */ = {
			isa = PBXGroup;
			children = (
				C301C6951C604DC200B247F6 /* Constants.swift */,
				C301C6971C60564B00B247F6 /* ShadowColors.swift */,
				C315384B1C697108007E7114 /* CardViewTableViewCell.swift */,
			);
			name = Views;
			sourceTree = "<group>";
		};
/* End PBXGroup section */

/* Begin PBXNativeTarget section */
		C31854D31C5DAD3800C6EC1F /* Oras BookPlanner */ = {
			isa = PBXNativeTarget;
			buildConfigurationList = C31854FF1C5DAD3800C6EC1F /* Build configuration list for PBXNativeTarget "Oras BookPlanner" */;
			buildPhases = (
				C31854D01C5DAD3800C6EC1F /* Sources */,
				C31854D11C5DAD3800C6EC1F /* Frameworks */,
				C31854D21C5DAD3800C6EC1F /* Resources */,
			);
			buildRules = (
			);
			dependencies = (
			);
			name = "Oras BookPlanner";
			productName = "Oras BookPlanner";
			productReference = C31854D41C5DAD3800C6EC1F /* Oras BookPlanner.app */;
			productType = "com.apple.product-type.application";
		};
		C31854EA1C5DAD3800C6EC1F /* Oras BookPlannerTests */ = {
			isa = PBXNativeTarget;
			buildConfigurationList = C31855021C5DAD3800C6EC1F /* Build configuration list for PBXNativeTarget "Oras BookPlannerTests" */;
			buildPhases = (
				C31854E71C5DAD3800C6EC1F /* Sources */,
				C31854E81C5DAD3800C6EC1F /* Frameworks */,
				C31854E91C5DAD3800C6EC1F /* Resources */,
			);
			buildRules = (
			);
			dependencies = (
				C31854ED1C5DAD3800C6EC1F /* PBXTargetDependency */,
			);
			name = "Oras BookPlannerTests";
			productName = "Oras BookPlannerTests";
			productReference = C31854EB1C5DAD3800C6EC1F /* Oras BookPlannerTests.xctest */;
			productType = "com.apple.product-type.bundle.unit-test";
		};
		C31854F51C5DAD3800C6EC1F /* Oras BookPlannerUITests */ = {
			isa = PBXNativeTarget;
			buildConfigurationList = C31855051C5DAD3800C6EC1F /* Build configuration list for PBXNativeTarget "Oras BookPlannerUITests" */;
			buildPhases = (
				C31854F21C5DAD3800C6EC1F /* Sources */,
				C31854F31C5DAD3800C6EC1F /* Frameworks */,
				C31854F41C5DAD3800C6EC1F /* Resources */,
			);
			buildRules = (
			);
			dependencies = (
				C31854F81C5DAD3800C6EC1F /* PBXTargetDependency */,
			);
			name = "Oras BookPlannerUITests";
			productName = "Oras BookPlannerUITests";
			productReference = C31854F61C5DAD3800C6EC1F /* Oras BookPlannerUITests.xctest */;
			productType = "com.apple.product-type.bundle.ui-testing";
		};
/* End PBXNativeTarget section */

/* Begin PBXProject section */
		C31854CC1C5DAD3800C6EC1F /* Project object */ = {
			isa = PBXProject;
			attributes = {
				LastSwiftUpdateCheck = 0720;
				LastUpgradeCheck = 0720;
				ORGANIZATIONNAME = "Joseph Mennemeier";
				TargetAttributes = {
					C31854D31C5DAD3800C6EC1F = {
						CreatedOnToolsVersion = 7.2;
						DevelopmentTeam = MZSYHSCZZ9;
					};
					C31854EA1C5DAD3800C6EC1F = {
						CreatedOnToolsVersion = 7.2;
						TestTargetID = C31854D31C5DAD3800C6EC1F;
					};
					C31854F51C5DAD3800C6EC1F = {
						CreatedOnToolsVersion = 7.2;
						TestTargetID = C31854D31C5DAD3800C6EC1F;
					};
				};
			};
			buildConfigurationList = C31854CF1C5DAD3800C6EC1F /* Build configuration list for PBXProject "Oras BookPlanner" */;
			compatibilityVersion = "Xcode 3.2";
			developmentRegion = English;
			hasScannedForEncodings = 0;
			knownRegions = (
				en,
				Base,
			);
			mainGroup = C31854CB1C5DAD3800C6EC1F;
			productRefGroup = C31854D51C5DAD3800C6EC1F /* Products */;
			projectDirPath = "";
			projectRoot = "";
			targets = (
				C31854D31C5DAD3800C6EC1F /* Oras BookPlanner */,
				C31854EA1C5DAD3800C6EC1F /* Oras BookPlannerTests */,
				C31854F51C5DAD3800C6EC1F /* Oras BookPlannerUITests */,
			);
		};
/* End PBXProject section */

/* Begin PBXResourcesBuildPhase section */
		C31854D21C5DAD3800C6EC1F /* Resources */ = {
			isa = PBXResourcesBuildPhase;
			buildActionMask = 2147483647;
			files = (
				C31854E51C5DAD3800C6EC1F /* LaunchScreen.storyboard in Resources */,
				C31854E21C5DAD3800C6EC1F /* Assets.xcassets in Resources */,
				C31854DD1C5DAD3800C6EC1F /* Main.storyboard in Resources */,
			);
			runOnlyForDeploymentPostprocessing = 0;
		};
		C31854E91C5DAD3800C6EC1F /* Resources */ = {
			isa = PBXResourcesBuildPhase;
			buildActionMask = 2147483647;
			files = (
			);
			runOnlyForDeploymentPostprocessing = 0;
		};
		C31854F41C5DAD3800C6EC1F /* Resources */ = {
			isa = PBXResourcesBuildPhase;
			buildActionMask = 2147483647;
			files = (
			);
			runOnlyForDeploymentPostprocessing = 0;
		};
/* End PBXResourcesBuildPhase section */

/* Begin PBXSourcesBuildPhase section */
		C31854D01C5DAD3800C6EC1F /* Sources */ = {
			isa = PBXSourcesBuildPhase;
			buildActionMask = 2147483647;
			files = (
				C301C6981C60564B00B247F6 /* ShadowColors.swift in Sources */,
				C301C6961C604DC200B247F6 /* Constants.swift in Sources */,
				C3DA619D1C62EA04001327CC /* MainBookViewController.swift in Sources */,
				C3CD4CF91C64729600B12173 /* DummyData.swift in Sources */,
				C31854DA1C5DAD3800C6EC1F /* ViewController.swift in Sources */,
				C31854E01C5DAD3800C6EC1F /* Oras_BookPlanner.xcdatamodeld in Sources */,
				C315384C1C697108007E7114 /* CardViewTableViewCell.swift in Sources */,
				C31854D81C5DAD3800C6EC1F /* AppDelegate.swift in Sources */,
			);
			runOnlyForDeploymentPostprocessing = 0;
		};
		C31854E71C5DAD3800C6EC1F /* Sources */ = {
			isa = PBXSourcesBuildPhase;
			buildActionMask = 2147483647;
			files = (
				C31854F01C5DAD3800C6EC1F /* Oras_BookPlannerTests.swift in Sources */,
			);
			runOnlyForDeploymentPostprocessing = 0;
		};
		C31854F21C5DAD3800C6EC1F /* Sources */ = {
			isa = PBXSourcesBuildPhase;
			buildActionMask = 2147483647;
			files = (
				C31854FB1C5DAD3800C6EC1F /* Oras_BookPlannerUITests.swift in Sources */,
			);
			runOnlyForDeploymentPostprocessing = 0;
		};
/* End PBXSourcesBuildPhase section */

/* Begin PBXTargetDependency section */
		C31854ED1C5DAD3800C6EC1F /* PBXTargetDependency */ = {
			isa = PBXTargetDependency;
			target = C31854D31C5DAD3800C6EC1F /* Oras BookPlanner */;
			targetProxy = C31854EC1C5DAD3800C6EC1F /* PBXContainerItemProxy */;
		};
		C31854F81C5DAD3800C6EC1F /* PBXTargetDependency */ = {
			isa = PBXTargetDependency;
			target = C31854D31C5DAD3800C6EC1F /* Oras BookPlanner */;
			targetProxy = C31854F71C5DAD3800C6EC1F /* PBXContainerItemProxy */;
		};
/* End PBXTargetDependency section */

/* Begin PBXVariantGroup section */
		C31854DB1C5DAD3800C6EC1F /* Main.storyboard */ = {
			isa = PBXVariantGroup;
			children = (
				C31854DC1C5DAD3800C6EC1F /* Base */,
			);
			name = Main.storyboard;
			sourceTree = "<group>";
		};
		C31854E31C5DAD3800C6EC1F /* LaunchScreen.storyboard */ = {
			isa = PBXVariantGroup;
			children = (
				C31854E41C5DAD3800C6EC1F /* Base */,
			);
			name = LaunchScreen.storyboard;
			sourceTree = "<group>";
		};
/* End PBXVariantGroup section */

/* Begin XCBuildConfiguration section */
		C31854FD1C5DAD3800C6EC1F /* Debug */ = {
			isa = XCBuildConfiguration;
			buildSettings = {
				ALWAYS_SEARCH_USER_PATHS = NO;
				CLANG_CXX_LANGUAGE_STANDARD = "gnu++0x";
				CLANG_CXX_LIBRARY = "libc++";
				CLANG_ENABLE_MODULES = YES;
				CLANG_ENABLE_OBJC_ARC = YES;
				CLANG_WARN_BOOL_CONVERSION = YES;
				CLANG_WARN_CONSTANT_CONVERSION = YES;
				CLANG_WARN_DIRECT_OBJC_ISA_USAGE = YES_ERROR;
				CLANG_WARN_EMPTY_BODY = YES;
				CLANG_WARN_ENUM_CONVERSION = YES;
				CLANG_WARN_INT_CONVERSION = YES;
				CLANG_WARN_OBJC_ROOT_CLASS = YES_ERROR;
				CLANG_WARN_UNREACHABLE_CODE = YES;
				CLANG_WARN__DUPLICATE_METHOD_MATCH = YES;
				"CODE_SIGN_IDENTITY[sdk=iphoneos*]" = "iPhone Developer";
				COPY_PHASE_STRIP = NO;
				DEBUG_INFORMATION_FORMAT = dwarf;
				ENABLE_STRICT_OBJC_MSGSEND = YES;
				ENABLE_TESTABILITY = YES;
				GCC_C_LANGUAGE_STANDARD = gnu99;
				GCC_DYNAMIC_NO_PIC = NO;
				GCC_NO_COMMON_BLOCKS = YES;
				GCC_OPTIMIZATION_LEVEL = 0;
				GCC_PREPROCESSOR_DEFINITIONS = (
					"DEBUG=1",
					"$(inherited)",
				);
				GCC_WARN_64_TO_32_BIT_CONVERSION = YES;
				GCC_WARN_ABOUT_RETURN_TYPE = YES_ERROR;
				GCC_WARN_UNDECLARED_SELECTOR = YES;
				GCC_WARN_UNINITIALIZED_AUTOS = YES_AGGRESSIVE;
				GCC_WARN_UNUSED_FUNCTION = YES;
				GCC_WARN_UNUSED_VARIABLE = YES;
				IPHONEOS_DEPLOYMENT_TARGET = 9.2;
				MTL_ENABLE_DEBUG_INFO = YES;
				ONLY_ACTIVE_ARCH = YES;
				SDKROOT = iphoneos;
				SWIFT_OPTIMIZATION_LEVEL = "-Onone";
				TARGETED_DEVICE_FAMILY = "1,2";
			};
			name = Debug;
		};
		C31854FE1C5DAD3800C6EC1F /* Release */ = {
			isa = XCBuildConfiguration;
			buildSettings = {
				ALWAYS_SEARCH_USER_PATHS = NO;
				CLANG_CXX_LANGUAGE_STANDARD = "gnu++0x";
				CLANG_CXX_LIBRARY = "libc++";
				CLANG_ENABLE_MODULES = YES;
				CLANG_ENABLE_OBJC_ARC = YES;
				CLANG_WARN_BOOL_CONVERSION = YES;
				CLANG_WARN_CONSTANT_CONVERSION = YES;
				CLANG_WARN_DIRECT_OBJC_ISA_USAGE = YES_ERROR;
				CLANG_WARN_EMPTY_BODY = YES;
				CLANG_WARN_ENUM_CONVERSION = YES;
				CLANG_WARN_INT_CONVERSION = YES;
				CLANG_WARN_OBJC_ROOT_CLASS = YES_ERROR;
				CLANG_WARN_UNREACHABLE_CODE = YES;
				CLANG_WARN__DUPLICATE_METHOD_MATCH = YES;
				"CODE_SIGN_IDENTITY[sdk=iphoneos*]" = "iPhone Developer";
				COPY_PHASE_STRIP = NO;
				DEBUG_INFORMATION_FORMAT = "dwarf-with-dsym";
				ENABLE_NS_ASSERTIONS = NO;
				ENABLE_STRICT_OBJC_MSGSEND = YES;
				GCC_C_LANGUAGE_STANDARD = gnu99;
				GCC_NO_COMMON_BLOCKS = YES;
				GCC_WARN_64_TO_32_BIT_CONVERSION = YES;
				GCC_WARN_ABOUT_RETURN_TYPE = YES_ERROR;
				GCC_WARN_UNDECLARED_SELECTOR = YES;
				GCC_WARN_UNINITIALIZED_AUTOS = YES_AGGRESSIVE;
				GCC_WARN_UNUSED_FUNCTION = YES;
				GCC_WARN_UNUSED_VARIABLE = YES;
				IPHONEOS_DEPLOYMENT_TARGET = 9.2;
				MTL_ENABLE_DEBUG_INFO = NO;
				SDKROOT = iphoneos;
				TARGETED_DEVICE_FAMILY = "1,2";
				VALIDATE_PRODUCT = YES;
			};
			name = Release;
		};
		C31855001C5DAD3800C6EC1F /* Debug */ = {
			isa = XCBuildConfiguration;
			buildSettings = {
				ASSETCATALOG_COMPILER_APPICON_NAME = AppIcon;
				CODE_SIGN_IDENTITY = "iPhone Developer";
				"CODE_SIGN_IDENTITY[sdk=iphoneos*]" = "iPhone Developer";
				INFOPLIST_FILE = "Oras BookPlanner/Info.plist";
				LD_RUNPATH_SEARCH_PATHS = "$(inherited) @executable_path/Frameworks";
				PRODUCT_BUNDLE_IDENTIFIER = "com.josephmennemeier.Oras-BookPlanner";
				PRODUCT_NAME = "$(TARGET_NAME)";
				PROVISIONING_PROFILE = "";
			};
			name = Debug;
		};
		C31855011C5DAD3800C6EC1F /* Release */ = {
			isa = XCBuildConfiguration;
			buildSettings = {
				ASSETCATALOG_COMPILER_APPICON_NAME = AppIcon;
				CODE_SIGN_IDENTITY = "iPhone Developer";
				"CODE_SIGN_IDENTITY[sdk=iphoneos*]" = "iPhone Developer";
				INFOPLIST_FILE = "Oras BookPlanner/Info.plist";
				LD_RUNPATH_SEARCH_PATHS = "$(inherited) @executable_path/Frameworks";
				PRODUCT_BUNDLE_IDENTIFIER = "com.josephmennemeier.Oras-BookPlanner";
				PRODUCT_NAME = "$(TARGET_NAME)";
				PROVISIONING_PROFILE = "";
			};
			name = Release;
		};
		C31855031C5DAD3800C6EC1F /* Debug */ = {
			isa = XCBuildConfiguration;
			buildSettings = {
				BUNDLE_LOADER = "$(TEST_HOST)";
				INFOPLIST_FILE = "Oras BookPlannerTests/Info.plist";
				LD_RUNPATH_SEARCH_PATHS = "$(inherited) @executable_path/Frameworks @loader_path/Frameworks";
				PRODUCT_BUNDLE_IDENTIFIER = "com.josephmennemeier.Oras-BookPlannerTests";
				PRODUCT_NAME = "$(TARGET_NAME)";
				TEST_HOST = "$(BUILT_PRODUCTS_DIR)/Oras BookPlanner.app/Oras BookPlanner";
			};
			name = Debug;
		};
		C31855041C5DAD3800C6EC1F /* Release */ = {
			isa = XCBuildConfiguration;
			buildSettings = {
				BUNDLE_LOADER = "$(TEST_HOST)";
				INFOPLIST_FILE = "Oras BookPlannerTests/Info.plist";
				LD_RUNPATH_SEARCH_PATHS = "$(inherited) @executable_path/Frameworks @loader_path/Frameworks";
				PRODUCT_BUNDLE_IDENTIFIER = "com.josephmennemeier.Oras-BookPlannerTests";
				PRODUCT_NAME = "$(TARGET_NAME)";
				TEST_HOST = "$(BUILT_PRODUCTS_DIR)/Oras BookPlanner.app/Oras BookPlanner";
			};
			name = Release;
		};
		C31855061C5DAD3800C6EC1F /* Debug */ = {
			isa = XCBuildConfiguration;
			buildSettings = {
				INFOPLIST_FILE = "Oras BookPlannerUITests/Info.plist";
				LD_RUNPATH_SEARCH_PATHS = "$(inherited) @executable_path/Frameworks @loader_path/Frameworks";
				PRODUCT_BUNDLE_IDENTIFIER = "com.josephmennemeier.Oras-BookPlannerUITests";
				PRODUCT_NAME = "$(TARGET_NAME)";
				TEST_TARGET_NAME = "Oras BookPlanner";
				USES_XCTRUNNER = YES;
			};
			name = Debug;
		};
		C31855071C5DAD3800C6EC1F /* Release */ = {
			isa = XCBuildConfiguration;
			buildSettings = {
				INFOPLIST_FILE = "Oras BookPlannerUITests/Info.plist";
				LD_RUNPATH_SEARCH_PATHS = "$(inherited) @executable_path/Frameworks @loader_path/Frameworks";
				PRODUCT_BUNDLE_IDENTIFIER = "com.josephmennemeier.Oras-BookPlannerUITests";
				PRODUCT_NAME = "$(TARGET_NAME)";
				TEST_TARGET_NAME = "Oras BookPlanner";
				USES_XCTRUNNER = YES;
			};
			name = Release;
		};
/* End XCBuildConfiguration section */

/* Begin XCConfigurationList section */
		C31854CF1C5DAD3800C6EC1F /* Build configuration list for PBXProject "Oras BookPlanner" */ = {
			isa = XCConfigurationList;
			buildConfigurations = (
				C31854FD1C5DAD3800C6EC1F /* Debug */,
				C31854FE1C5DAD3800C6EC1F /* Release */,
			);
			defaultConfigurationIsVisible = 0;
			defaultConfigurationName = Release;
		};
		C31854FF1C5DAD3800C6EC1F /* Build configuration list for PBXNativeTarget "Oras BookPlanner" */ = {
			isa = XCConfigurationList;
			buildConfigurations = (
				C31855001C5DAD3800C6EC1F /* Debug */,
				C31855011C5DAD3800C6EC1F /* Release */,
			);
			defaultConfigurationIsVisible = 0;
			defaultConfigurationName = Release;
		};
		C31855021C5DAD3800C6EC1F /* Build configuration list for PBXNativeTarget "Oras BookPlannerTests" */ = {
			isa = XCConfigurationList;
			buildConfigurations = (
				C31855031C5DAD3800C6EC1F /* Debug */,
				C31855041C5DAD3800C6EC1F /* Release */,
			);
			defaultConfigurationIsVisible = 0;
			defaultConfigurationName = Release;
		};
		C31855051C5DAD3800C6EC1F /* Build configuration list for PBXNativeTarget "Oras BookPlannerUITests" */ = {
			isa = XCConfigurationList;
			buildConfigurations = (
				C31855061C5DAD3800C6EC1F /* Debug */,
				C31855071C5DAD3800C6EC1F /* Release */,
			);
			defaultConfigurationIsVisible = 0;
			defaultConfigurationName = Release;
		};
/* End XCConfigurationList section */

/* Begin XCVersionGroup section */
		C31854DE1C5DAD3800C6EC1F /* Oras_BookPlanner.xcdatamodeld */ = {
			isa = XCVersionGroup;
			children = (
				C31854DF1C5DAD3800C6EC1F /* Oras_BookPlanner.xcdatamodel */,
			);
			currentVersion = C31854DF1C5DAD3800C6EC1F /* Oras_BookPlanner.xcdatamodel */;
			path = Oras_BookPlanner.xcdatamodeld;
			sourceTree = "<group>";
			versionGroupType = wrapper.xcdatamodel;
		};
/* End XCVersionGroup section */
	};
	rootObject = C31854CC1C5DAD3800C6EC1F /* Project object */;
}
